
Microsoft Visual Studio Solution File, Format Version 12.00
# Visual Studio 15
VisualStudioVersion = 15.0.28307.1209
MinimumVisualStudioVersion = 10.0.40219.1
Project("{8BC9CEB8-8B4A-11D0-8D11-00A0C91BC942}") = "Sandbox", ".\Sandbox\Sandbox.vcxproj", "{D78859DE-650D-40C8-88F2-BFA4DBC3623E}"
EndProject
Project("{8BC9CEB8-8B4A-11D0-8D11-00A0C91BC942}") = "ToyEngine", ".\ToyEngine\ToyEngine.vcxproj", "{FA8145F9-75EC-485E-BAEE-79744AFF5D38}"
EndProject
Global
	GlobalSection(SolutionConfigurationPlatforms) = preSolution
		Debug|x64 = Debug|x64
		Release|x64 = Release|x64
	EndGlobalSection
	GlobalSection(ProjectConfigurationPlatforms) = postSolution
		{FA8145F9-75EC-485E-BAEE-79744AFF5D38}.Debug|x64.ActiveCfg = Debug|x64
		{FA8145F9-75EC-485E-BAEE-79744AFF5D38}.Debug|x64.Build.0 = Debug|x64
		{FA8145F9-75EC-485E-BAEE-79744AFF5D38}.Release|x64.ActiveCfg = Release|x64
		{FA8145F9-75EC-485E-BAEE-79744AFF5D38}.Release|x64.Build.0 = Release|x64
		{D78859DE-650D-40C8-88F2-BFA4DBC3623E}.Debug|x64.ActiveCfg = Debug|x64
		{D78859DE-650D-40C8-88F2-BFA4DBC3623E}.Debug|x64.Build.0 = Debug|x64
		{D78859DE-650D-40C8-88F2-BFA4DBC3623E}.Release|x64.ActiveCfg = Release|x64
		{D78859DE-650D-40C8-88F2-BFA4DBC3623E}.Release|x64.Build.0 = Release|x64
	EndGlobalSection
	GlobalSection(SolutionProperties) = preSolution
		HideSolutionNode = FALSE
	EndGlobalSection
	GlobalSection(ExtensibilityGlobals) = postSolution
		SolutionGuid = {87FEAB59-CE96-43C1-96B0-9F60DDA89CB0}
	EndGlobalSection
EndGlobal
