<?xml version="1.0" encoding="utf-8"?>
<Project ToolsVersion="4.0" xmlns="http://schemas.microsoft.com/developer/msbuild/2003">
  <ItemGroup>
    <Filter Include="QAQ">
      <UniqueIdentifier>{2814880B-941D-887C-1D99-9E7C89A1937C}</UniqueIdentifier>
    </Filter>
    <Filter Include="QAQ\Events">
      <UniqueIdentifier>{0C83E89C-F83A-2AEA-6142-03464D19C5DA}</UniqueIdentifier>
    </Filter>
  </ItemGroup>
  <ItemGroup>
    <ClInclude Include="src\QAQ.h" />
    <ClInclude Include="src\QAQ\Application.h">
      <Filter>QAQ</Filter>
    </ClInclude>
    <ClInclude Include="src\QAQ\Core.h">
      <Filter>QAQ</Filter>
    </ClInclude>
    <ClInclude Include="src\QAQ\EntryPoint.h">
      <Filter>QAQ</Filter>
    </ClInclude>
    <ClInclude Include="src\QAQ\Events\ApplicationEvent.h">
      <Filter>QAQ\Events</Filter>
    </ClInclude>
    <ClInclude Include="src\QAQ\Events\Event.h">
      <Filter>QAQ\Events</Filter>
    </ClInclude>
    <ClInclude Include="src\QAQ\Events\KeyEvent.h">
      <Filter>QAQ\Events</Filter>
    </ClInclude>
    <ClInclude Include="src\QAQ\Events\MouseEvent.h">
      <Filter>QAQ\Events</Filter>
    </ClInclude>
    <ClInclude Include="src\QAQ\Log.h">
      <Filter>QAQ</Filter>
    </ClInclude>
    <ClInclude Include="src\qaqpch.h" />
    <ClInclude Include="src\Platform\Windows\WindowsWindow.h" />
    <ClInclude Include="src\QAQ\Window.h" />
  </ItemGroup>
  <ItemGroup>
    <ClCompile Include="src\QAQ\Application.cpp">
      <Filter>QAQ</Filter>
    </ClCompile>
    <ClCompile Include="src\QAQ\Log.cpp">
      <Filter>QAQ</Filter>
    </ClCompile>
    <ClCompile Include="src\qaqpch.cpp" />
    <ClCompile Include="src\Platform\Windows\WindowsWindow.cpp" />
  </ItemGroup>
</Project>